// !$*UTF8*$!
{
	archiveVersion = 1;
	classes = {
	};
	objectVersion = 55;
	objects = {

/* Begin PBXBuildFile section */
		6B14C7DD2763BD5B00BD6068 /* SettingsView.swift in Sources */ = {isa = PBXBuildFile; fileRef = 6B14C7DC2763BD5B00BD6068 /* SettingsView.swift */; };
		6BB82B86275EA10E00DAEF0F /* InternalSensorsApp.swift in Sources */ = {isa = PBXBuildFile; fileRef = 6BB82B85275EA10E00DAEF0F /* InternalSensorsApp.swift */; };
		6BB82B88275EA10E00DAEF0F /* MeasureView.swift in Sources */ = {isa = PBXBuildFile; fileRef = 6BB82B87275EA10E00DAEF0F /* MeasureView.swift */; };
		6BB82B8A275EA11000DAEF0F /* Assets.xcassets in Resources */ = {isa = PBXBuildFile; fileRef = 6BB82B89275EA11000DAEF0F /* Assets.xcassets */; };
		6BB82B8D275EA11000DAEF0F /* Preview Assets.xcassets in Resources */ = {isa = PBXBuildFile; fileRef = 6BB82B8C275EA11000DAEF0F /* Preview Assets.xcassets */; };
		6BB82B94275FA3B800DAEF0F /* InternalSensorVM.swift in Sources */ = {isa = PBXBuildFile; fileRef = 6BB82B93275FA3B800DAEF0F /* InternalSensorVM.swift */; };
		6BC57AE227628D6700B62DA9 /* NavigationBarView.swift in Sources */ = {isa = PBXBuildFile; fileRef = 6BC57AE127628D6700B62DA9 /* NavigationBarView.swift */; };
		6BC57AE427628EAC00B62DA9 /* GraphsView.swift in Sources */ = {isa = PBXBuildFile; fileRef = 6BC57AE327628EAC00B62DA9 /* GraphsView.swift */; };
		6BC57AE7276293E200B62DA9 /* SwiftUICharts in Frameworks */ = {isa = PBXBuildFile; productRef = 6BC57AE6276293E200B62DA9 /* SwiftUICharts */; };
		6BC57AE92762A2C300B62DA9 /* ButtonView.swift in Sources */ = {isa = PBXBuildFile; fileRef = 6BC57AE82762A2C300B62DA9 /* ButtonView.swift */; };
/* End PBXBuildFile section */

/* Begin PBXFileReference section */
		6B14C7DC2763BD5B00BD6068 /* SettingsView.swift */ = {isa = PBXFileReference; lastKnownFileType = sourcecode.swift; path = SettingsView.swift; sourceTree = "<group>"; };
		6BB82B82275EA10E00DAEF0F /* InternalSensors.app */ = {isa = PBXFileReference; explicitFileType = wrapper.application; includeInIndex = 0; path = InternalSensors.app; sourceTree = BUILT_PRODUCTS_DIR; };
		6BB82B85275EA10E00DAEF0F /* InternalSensorsApp.swift */ = {isa = PBXFileReference; lastKnownFileType = sourcecode.swift; path = InternalSensorsApp.swift; sourceTree = "<group>"; };
		6BB82B87275EA10E00DAEF0F /* MeasureView.swift */ = {isa = PBXFileReference; lastKnownFileType = sourcecode.swift; path = MeasureView.swift; sourceTree = "<group>"; };
		6BB82B89275EA11000DAEF0F /* Assets.xcassets */ = {isa = PBXFileReference; lastKnownFileType = folder.assetcatalog; path = Assets.xcassets; sourceTree = "<group>"; };
		6BB82B8C275EA11000DAEF0F /* Preview Assets.xcassets */ = {isa = PBXFileReference; lastKnownFileType = folder.assetcatalog; path = "Preview Assets.xcassets"; sourceTree = "<group>"; };
		6BB82B93275FA3B800DAEF0F /* InternalSensorVM.swift */ = {isa = PBXFileReference; lastKnownFileType = sourcecode.swift; path = InternalSensorVM.swift; sourceTree = "<group>"; };
		6BC57AE127628D6700B62DA9 /* NavigationBarView.swift */ = {isa = PBXFileReference; lastKnownFileType = sourcecode.swift; path = NavigationBarView.swift; sourceTree = "<group>"; };
		6BC57AE327628EAC00B62DA9 /* GraphsView.swift */ = {isa = PBXFileReference; lastKnownFileType = sourcecode.swift; path = GraphsView.swift; sourceTree = "<group>"; };
		6BC57AE82762A2C300B62DA9 /* ButtonView.swift */ = {isa = PBXFileReference; lastKnownFileType = sourcecode.swift; path = ButtonView.swift; sourceTree = "<group>"; };
/* End PBXFileReference section */

/* Begin PBXFrameworksBuildPhase section */
		6BB82B7F275EA10E00DAEF0F /* Frameworks */ = {
			isa = PBXFrameworksBuildPhase;
			buildActionMask = 2147483647;
			files = (
				6BC57AE7276293E200B62DA9 /* SwiftUICharts in Frameworks */,
			);
			runOnlyForDeploymentPostprocessing = 0;
		};
/* End PBXFrameworksBuildPhase section */

/* Begin PBXGroup section */
		6BB82B79275EA10E00DAEF0F = {
			isa = PBXGroup;
			children = (
				6BB82B84275EA10E00DAEF0F /* InternalSensors */,
				6BB82B83275EA10E00DAEF0F /* Products */,
			);
			sourceTree = "<group>";
		};
		6BB82B83275EA10E00DAEF0F /* Products */ = {
			isa = PBXGroup;
			children = (
				6BB82B82275EA10E00DAEF0F /* InternalSensors.app */,
			);
			name = Products;
			sourceTree = "<group>";
		};
		6BB82B84275EA10E00DAEF0F /* InternalSensors */ = {
			isa = PBXGroup;
			children = (
				6BB82B85275EA10E00DAEF0F /* InternalSensorsApp.swift */,
				6BB82B93275FA3B800DAEF0F /* InternalSensorVM.swift */,
				6BC57AE027628D1800B62DA9 /* View */,
				6BB82B89275EA11000DAEF0F /* Assets.xcassets */,
				6BB82B8B275EA11000DAEF0F /* Preview Content */,
			);
			path = InternalSensors;
			sourceTree = "<group>";
		};
		6BB82B8B275EA11000DAEF0F /* Preview Content */ = {
			isa = PBXGroup;
			children = (
				6BB82B8C275EA11000DAEF0F /* Preview Assets.xcassets */,
			);
			path = "Preview Content";
			sourceTree = "<group>";
		};
		6BC57AE027628D1800B62DA9 /* View */ = {
			isa = PBXGroup;
			children = (
				6BC57AE127628D6700B62DA9 /* NavigationBarView.swift */,
				6BB82B87275EA10E00DAEF0F /* MeasureView.swift */,
				6BC57AE327628EAC00B62DA9 /* GraphsView.swift */,
				6BC57AE82762A2C300B62DA9 /* ButtonView.swift */,
				6B14C7DC2763BD5B00BD6068 /* SettingsView.swift */,
			);
			path = View;
			sourceTree = "<group>";
		};
/* End PBXGroup section */

/* Begin PBXNativeTarget section */
		6BB82B81275EA10E00DAEF0F /* InternalSensors */ = {
			isa = PBXNativeTarget;
			buildConfigurationList = 6BB82B90275EA11000DAEF0F /* Build configuration list for PBXNativeTarget "InternalSensors" */;
			buildPhases = (
				6BB82B7E275EA10E00DAEF0F /* Sources */,
				6BB82B7F275EA10E00DAEF0F /* Frameworks */,
				6BB82B80275EA10E00DAEF0F /* Resources */,
			);
			buildRules = (
			);
			dependencies = (
			);
			name = InternalSensors;
			packageProductDependencies = (
				6BC57AE6276293E200B62DA9 /* SwiftUICharts */,
			);
			productName = InternalSensors;
			productReference = 6BB82B82275EA10E00DAEF0F /* InternalSensors.app */;
			productType = "com.apple.product-type.application";
		};
/* End PBXNativeTarget section */

/* Begin PBXProject section */
		6BB82B7A275EA10E00DAEF0F /* Project object */ = {
			isa = PBXProject;
			attributes = {
				BuildIndependentTargetsInParallel = 1;
				LastSwiftUpdateCheck = 1310;
				LastUpgradeCheck = 1310;
				TargetAttributes = {
					6BB82B81275EA10E00DAEF0F = {
						CreatedOnToolsVersion = 13.1;
					};
				};
			};
			buildConfigurationList = 6BB82B7D275EA10E00DAEF0F /* Build configuration list for PBXProject "InternalSensors" */;
			compatibilityVersion = "Xcode 13.0";
			developmentRegion = en;
			hasScannedForEncodings = 0;
			knownRegions = (
				en,
				Base,
			);
			mainGroup = 6BB82B79275EA10E00DAEF0F;
			packageReferences = (
				6BC57AE5276293E200B62DA9 /* XCRemoteSwiftPackageReference "ChartView" */,
			);
			productRefGroup = 6BB82B83275EA10E00DAEF0F /* Products */;
			projectDirPath = "";
			projectRoot = "";
			targets = (
				6BB82B81275EA10E00DAEF0F /* InternalSensors */,
			);
		};
/* End PBXProject section */

/* Begin PBXResourcesBuildPhase section */
		6BB82B80275EA10E00DAEF0F /* Resources */ = {
			isa = PBXResourcesBuildPhase;
			buildActionMask = 2147483647;
			files = (
				6BB82B8D275EA11000DAEF0F /* Preview Assets.xcassets in Resources */,
				6BB82B8A275EA11000DAEF0F /* Assets.xcassets in Resources */,
			);
			runOnlyForDeploymentPostprocessing = 0;
		};
/* End PBXResourcesBuildPhase section */

/* Begin PBXSourcesBuildPhase section */
		6BB82B7E275EA10E00DAEF0F /* Sources */ = {
			isa = PBXSourcesBuildPhase;
			buildActionMask = 2147483647;
			files = (
				6B14C7DD2763BD5B00BD6068 /* SettingsView.swift in Sources */,
				6BB82B94275FA3B800DAEF0F /* InternalSensorVM.swift in Sources */,
				6BB82B88275EA10E00DAEF0F /* MeasureView.swift in Sources */,
				6BC57AE92762A2C300B62DA9 /* ButtonView.swift in Sources */,
				6BC57AE427628EAC00B62DA9 /* GraphsView.swift in Sources */,
				6BC57AE227628D6700B62DA9 /* NavigationBarView.swift in Sources */,
				6BB82B86275EA10E00DAEF0F /* InternalSensorsApp.swift in Sources */,
			);
			runOnlyForDeploymentPostprocessing = 0;
		};
/* End PBXSourcesBuildPhase section */

/* Begin XCBuildConfiguration section */
		6BB82B8E275EA11000DAEF0F /* Debug */ = {
			isa = XCBuildConfiguration;
			buildSettings = {
				ALWAYS_SEARCH_USER_PATHS = NO;
				CLANG_ANALYZER_NONNULL = YES;
				CLANG_ANALYZER_NUMBER_OBJECT_CONVERSION = YES_AGGRESSIVE;
				CLANG_CXX_LANGUAGE_STANDARD = "gnu++17";
				CLANG_CXX_LIBRARY = "libc++";
				CLANG_ENABLE_MODULES = YES;
				CLANG_ENABLE_OBJC_ARC = YES;
				CLANG_ENABLE_OBJC_WEAK = YES;
				CLANG_WARN_BLOCK_CAPTURE_AUTORELEASING = YES;
				CLANG_WARN_BOOL_CONVERSION = YES;
				CLANG_WARN_COMMA = YES;
				CLANG_WARN_CONSTANT_CONVERSION = YES;
				CLANG_WARN_DEPRECATED_OBJC_IMPLEMENTATIONS = YES;
				CLANG_WARN_DIRECT_OBJC_ISA_USAGE = YES_ERROR;
				CLANG_WARN_DOCUMENTATION_COMMENTS = YES;
				CLANG_WARN_EMPTY_BODY = YES;
				CLANG_WARN_ENUM_CONVERSION = YES;
				CLANG_WARN_INFINITE_RECURSION = YES;
				CLANG_WARN_INT_CONVERSION = YES;
				CLANG_WARN_NON_LITERAL_NULL_CONVERSION = YES;
				CLANG_WARN_OBJC_IMPLICIT_RETAIN_SELF = YES;
				CLANG_WARN_OBJC_LITERAL_CONVERSION = YES;
				CLANG_WARN_OBJC_ROOT_CLASS = YES_ERROR;
				CLANG_WARN_QUOTED_INCLUDE_IN_FRAMEWORK_HEADER = YES;
				CLANG_WARN_RANGE_LOOP_ANALYSIS = YES;
				CLANG_WARN_STRICT_PROTOTYPES = YES;
				CLANG_WARN_SUSPICIOUS_MOVE = YES;
				CLANG_WARN_UNGUARDED_AVAILABILITY = YES_AGGRESSIVE;
				CLANG_WARN_UNREACHABLE_CODE = YES;
				CLANG_WARN__DUPLICATE_METHOD_MATCH = YES;
				COPY_PHASE_STRIP = NO;
				DEBUG_INFORMATION_FORMAT = dwarf;
				ENABLE_STRICT_OBJC_MSGSEND = YES;
				ENABLE_TESTABILITY = YES;
				GCC_C_LANGUAGE_STANDARD = gnu11;
				GCC_DYNAMIC_NO_PIC = NO;
				GCC_NO_COMMON_BLOCKS = YES;
				GCC_OPTIMIZATION_LEVEL = 0;
				GCC_PREPROCESSOR_DEFINITIONS = (
					"DEBUG=1",
					"$(inherited)",
				);
				GCC_WARN_64_TO_32_BIT_CONVERSION = YES;
				GCC_WARN_ABOUT_RETURN_TYPE = YES_ERROR;
				GCC_WARN_UNDECLARED_SELECTOR = YES;
				GCC_WARN_UNINITIALIZED_AUTOS = YES_AGGRESSIVE;
				GCC_WARN_UNUSED_FUNCTION = YES;
				GCC_WARN_UNUSED_VARIABLE = YES;
				IPHONEOS_DEPLOYMENT_TARGET = 15.0;
				MTL_ENABLE_DEBUG_INFO = INCLUDE_SOURCE;
				MTL_FAST_MATH = YES;
				ONLY_ACTIVE_ARCH = YES;
				SDKROOT = iphoneos;
				SWIFT_ACTIVE_COMPILATION_CONDITIONS = DEBUG;
				SWIFT_OPTIMIZATION_LEVEL = "-Onone";
			};
			name = Debug;
		};
		6BB82B8F275EA11000DAEF0F /* Release */ = {
			isa = XCBuildConfiguration;
			buildSettings = {
				ALWAYS_SEARCH_USER_PATHS = NO;
				CLANG_ANALYZER_NONNULL = YES;
				CLANG_ANALYZER_NUMBER_OBJECT_CONVERSION = YES_AGGRESSIVE;
				CLANG_CXX_LANGUAGE_STANDARD = "gnu++17";
				CLANG_CXX_LIBRARY = "libc++";
				CLANG_ENABLE_MODULES = YES;
				CLANG_ENABLE_OBJC_ARC = YES;
				CLANG_ENABLE_OBJC_WEAK = YES;
				CLANG_WARN_BLOCK_CAPTURE_AUTORELEASING = YES;
				CLANG_WARN_BOOL_CONVERSION = YES;
				CLANG_WARN_COMMA = YES;
				CLANG_WARN_CONSTANT_CONVERSION = YES;
				CLANG_WARN_DEPRECATED_OBJC_IMPLEMENTATIONS = YES;
				CLANG_WARN_DIRECT_OBJC_ISA_USAGE = YES_ERROR;
				CLANG_WARN_DOCUMENTATION_COMMENTS = YES;
				CLANG_WARN_EMPTY_BODY = YES;
				CLANG_WARN_ENUM_CONVERSION = YES;
				CLANG_WARN_INFINITE_RECURSION = YES;
				CLANG_WARN_INT_CONVERSION = YES;
				CLANG_WARN_NON_LITERAL_NULL_CONVERSION = YES;
				CLANG_WARN_OBJC_IMPLICIT_RETAIN_SELF = YES;
				CLANG_WARN_OBJC_LITERAL_CONVERSION = YES;
				CLANG_WARN_OBJC_ROOT_CLASS = YES_ERROR;
				CLANG_WARN_QUOTED_INCLUDE_IN_FRAMEWORK_HEADER = YES;
				CLANG_WARN_RANGE_LOOP_ANALYSIS = YES;
				CLANG_WARN_STRICT_PROTOTYPES = YES;
				CLANG_WARN_SUSPICIOUS_MOVE = YES;
				CLANG_WARN_UNGUARDED_AVAILABILITY = YES_AGGRESSIVE;
				CLANG_WARN_UNREACHABLE_CODE = YES;
				CLANG_WARN__DUPLICATE_METHOD_MATCH = YES;
				COPY_PHASE_STRIP = NO;
				DEBUG_INFORMATION_FORMAT = "dwarf-with-dsym";
				ENABLE_NS_ASSERTIONS = NO;
				ENABLE_STRICT_OBJC_MSGSEND = YES;
				GCC_C_LANGUAGE_STANDARD = gnu11;
				GCC_NO_COMMON_BLOCKS = YES;
				GCC_WARN_64_TO_32_BIT_CONVERSION = YES;
				GCC_WARN_ABOUT_RETURN_TYPE = YES_ERROR;
				GCC_WARN_UNDECLARED_SELECTOR = YES;
				GCC_WARN_UNINITIALIZED_AUTOS = YES_AGGRESSIVE;
				GCC_WARN_UNUSED_FUNCTION = YES;
				GCC_WARN_UNUSED_VARIABLE = YES;
				IPHONEOS_DEPLOYMENT_TARGET = 15.0;
				MTL_ENABLE_DEBUG_INFO = NO;
				MTL_FAST_MATH = YES;
				SDKROOT = iphoneos;
				SWIFT_COMPILATION_MODE = wholemodule;
				SWIFT_OPTIMIZATION_LEVEL = "-O";
				VALIDATE_PRODUCT = YES;
			};
			name = Release;
		};
		6BB82B91275EA11000DAEF0F /* Debug */ = {
			isa = XCBuildConfiguration;
			buildSettings = {
				ASSETCATALOG_COMPILER_APPICON_NAME = AppIcon;
				ASSETCATALOG_COMPILER_GLOBAL_ACCENT_COLOR_NAME = AccentColor;
				CODE_SIGN_STYLE = Automatic;
				CURRENT_PROJECT_VERSION = 1;
				DEVELOPMENT_ASSET_PATHS = "\"InternalSensors/Preview Content\"";
				DEVELOPMENT_TEAM = Y5N8AH8N8Y;
				ENABLE_PREVIEWS = YES;
				GENERATE_INFOPLIST_FILE = YES;
				INFOPLIST_KEY_UIApplicationSceneManifest_Generation = YES;
				INFOPLIST_KEY_UIApplicationSupportsIndirectInputEvents = YES;
				INFOPLIST_KEY_UILaunchScreen_Generation = YES;
				INFOPLIST_KEY_UISupportedInterfaceOrientations_iPad = "UIInterfaceOrientationPortrait UIInterfaceOrientationPortraitUpsideDown UIInterfaceOrientationLandscapeLeft UIInterfaceOrientationLandscapeRight";
				INFOPLIST_KEY_UISupportedInterfaceOrientations_iPhone = "UIInterfaceOrientationPortrait UIInterfaceOrientationLandscapeLeft UIInterfaceOrientationLandscapeRight";
				LD_RUNPATH_SEARCH_PATHS = (
					"$(inherited)",
					"@executable_path/Frameworks",
				);
				MARKETING_VERSION = 1.0;
				PRODUCT_BUNDLE_IDENTIFIER = LanguricMilan.InternalSensors;
				PRODUCT_NAME = "$(TARGET_NAME)";
				SWIFT_EMIT_LOC_STRINGS = YES;
				SWIFT_VERSION = 5.0;
				TARGETED_DEVICE_FAMILY = "1,2";
			};
			name = Debug;
		};
		6BB82B92275EA11000DAEF0F /* Release */ = {
			isa = XCBuildConfiguration;
			buildSettings = {
				ASSETCATALOG_COMPILER_APPICON_NAME = AppIcon;
				ASSETCATALOG_COMPILER_GLOBAL_ACCENT_COLOR_NAME = AccentColor;
				CODE_SIGN_STYLE = Automatic;
				CURRENT_PROJECT_VERSION = 1;
				DEVELOPMENT_ASSET_PATHS = "\"InternalSensors/Preview Content\"";
				DEVELOPMENT_TEAM = Y5N8AH8N8Y;
				ENABLE_PREVIEWS = YES;
				GENERATE_INFOPLIST_FILE = YES;
				INFOPLIST_KEY_UIApplicationSceneManifest_Generation = YES;
				INFOPLIST_KEY_UIApplicationSupportsIndirectInputEvents = YES;
				INFOPLIST_KEY_UILaunchScreen_Generation = YES;
				INFOPLIST_KEY_UISupportedInterfaceOrientations_iPad = "UIInterfaceOrientationPortrait UIInterfaceOrientationPortraitUpsideDown UIInterfaceOrientationLandscapeLeft UIInterfaceOrientationLandscapeRight";
				INFOPLIST_KEY_UISupportedInterfaceOrientations_iPhone = "UIInterfaceOrientationPortrait UIInterfaceOrientationLandscapeLeft UIInterfaceOrientationLandscapeRight";
				LD_RUNPATH_SEARCH_PATHS = (
					"$(inherited)",
					"@executable_path/Frameworks",
				);
				MARKETING_VERSION = 1.0;
				PRODUCT_BUNDLE_IDENTIFIER = LanguricMilan.InternalSensors;
				PRODUCT_NAME = "$(TARGET_NAME)";
				SWIFT_EMIT_LOC_STRINGS = YES;
				SWIFT_VERSION = 5.0;
				TARGETED_DEVICE_FAMILY = "1,2";
			};
			name = Release;
		};
/* End XCBuildConfiguration section */

/* Begin XCConfigurationList section */
		6BB82B7D275EA10E00DAEF0F /* Build configuration list for PBXProject "InternalSensors" */ = {
			isa = XCConfigurationList;
			buildConfigurations = (
				6BB82B8E275EA11000DAEF0F /* Debug */,
				6BB82B8F275EA11000DAEF0F /* Release */,
			);
			defaultConfigurationIsVisible = 0;
			defaultConfigurationName = Release;
		};
		6BB82B90275EA11000DAEF0F /* Build configuration list for PBXNativeTarget "InternalSensors" */ = {
			isa = XCConfigurationList;
			buildConfigurations = (
				6BB82B91275EA11000DAEF0F /* Debug */,
				6BB82B92275EA11000DAEF0F /* Release */,
			);
			defaultConfigurationIsVisible = 0;
			defaultConfigurationName = Release;
		};
/* End XCConfigurationList section */

/* Begin XCRemoteSwiftPackageReference section */
		6BC57AE5276293E200B62DA9 /* XCRemoteSwiftPackageReference "ChartView" */ = {
			isa = XCRemoteSwiftPackageReference;
			repositoryURL = "https://github.com/AppPear/ChartView.git";
			requirement = {
				kind = upToNextMajorVersion;
				minimumVersion = 1.5.4;
			};
		};
/* End XCRemoteSwiftPackageReference section */

/* Begin XCSwiftPackageProductDependency section */
		6BC57AE6276293E200B62DA9 /* SwiftUICharts */ = {
			isa = XCSwiftPackageProductDependency;
			package = 6BC57AE5276293E200B62DA9 /* XCRemoteSwiftPackageReference "ChartView" */;
			productName = SwiftUICharts;
		};
/* End XCSwiftPackageProductDependency section */
	};
	rootObject = 6BB82B7A275EA10E00DAEF0F /* Project object */;
}
